// !$*UTF8*$!
{
	archiveVersion = 1;
	classes = {
	};
	objectVersion = 48;
	objects = {

/* Begin PBXBuildFile section */
		F86CF52D1F88B9A800EFA735 /* AppDelegate.swift in Sources */ = {isa = PBXBuildFile; fileRef = F86CF52C1F88B9A800EFA735 /* AppDelegate.swift */; };
		F86CF52F1F88B9A800EFA735 /* art.scnassets in Resources */ = {isa = PBXBuildFile; fileRef = F86CF52E1F88B9A800EFA735 /* art.scnassets */; };
		F86CF5311F88B9A800EFA735 /* ViewController.swift in Sources */ = {isa = PBXBuildFile; fileRef = F86CF5301F88B9A800EFA735 /* ViewController.swift */; };
		F86CF5341F88B9A800EFA735 /* Main.storyboard in Resources */ = {isa = PBXBuildFile; fileRef = F86CF5321F88B9A800EFA735 /* Main.storyboard */; };
		F86CF5361F88B9A800EFA735 /* Assets.xcassets in Resources */ = {isa = PBXBuildFile; fileRef = F86CF5351F88B9A800EFA735 /* Assets.xcassets */; };
		F86CF5391F88B9A800EFA735 /* LaunchScreen.storyboard in Resources */ = {isa = PBXBuildFile; fileRef = F86CF5371F88B9A800EFA735 /* LaunchScreen.storyboard */; };
		F86CF54C1F88BEF800EFA735 /* measurements.storyboard in Resources */ = {isa = PBXBuildFile; fileRef = F86CF54A1F88BEF800EFA735 /* measurements.storyboard */; };
/* End PBXBuildFile section */

/* Begin PBXFileReference section */
		F86CF5291F88B9A700EFA735 /* Singapore App Challenge.app */ = {isa = PBXFileReference; explicitFileType = wrapper.application; includeInIndex = 0; path = "Singapore App Challenge.app"; sourceTree = BUILT_PRODUCTS_DIR; };
		F86CF52C1F88B9A800EFA735 /* AppDelegate.swift */ = {isa = PBXFileReference; lastKnownFileType = sourcecode.swift; path = AppDelegate.swift; sourceTree = "<group>"; };
		F86CF52E1F88B9A800EFA735 /* art.scnassets */ = {isa = PBXFileReference; lastKnownFileType = wrapper.scnassets; path = art.scnassets; sourceTree = "<group>"; };
		F86CF5301F88B9A800EFA735 /* ViewController.swift */ = {isa = PBXFileReference; lastKnownFileType = sourcecode.swift; path = ViewController.swift; sourceTree = "<group>"; };
		F86CF5331F88B9A800EFA735 /* Base */ = {isa = PBXFileReference; lastKnownFileType = file.storyboard; name = Base; path = Base.lproj/Main.storyboard; sourceTree = "<group>"; };
		F86CF5351F88B9A800EFA735 /* Assets.xcassets */ = {isa = PBXFileReference; lastKnownFileType = folder.assetcatalog; path = Assets.xcassets; sourceTree = "<group>"; };
		F86CF5381F88B9A800EFA735 /* Base */ = {isa = PBXFileReference; lastKnownFileType = file.storyboard; name = Base; path = Base.lproj/LaunchScreen.storyboard; sourceTree = "<group>"; };
		F86CF53A1F88B9A800EFA735 /* Info.plist */ = {isa = PBXFileReference; lastKnownFileType = text.plist.xml; path = Info.plist; sourceTree = "<group>"; };
		F86CF54B1F88BEF800EFA735 /* Base */ = {isa = PBXFileReference; lastKnownFileType = file.storyboard; name = Base; path = "Singapore App Challenge/Storyboard/Base.lproj/measurements.storyboard"; sourceTree = "<group>"; };
/* End PBXFileReference section */

/* Begin PBXFrameworksBuildPhase section */
		F86CF5261F88B9A700EFA735 /* Frameworks */ = {
			isa = PBXFrameworksBuildPhase;
			buildActionMask = 2147483647;
			files = (
			);
			runOnlyForDeploymentPostprocessing = 0;
		};
/* End PBXFrameworksBuildPhase section */

/* Begin PBXGroup section */
		F86CF5201F88B9A700EFA735 = {
			isa = PBXGroup;
			children = (
				F86CF52B1F88B9A700EFA735 /* Singapore App Challenge */,
				F86CF52A1F88B9A700EFA735 /* Products */,
			);
			sourceTree = "<group>";
		};
		F86CF52A1F88B9A700EFA735 /* Products */ = {
			isa = PBXGroup;
			children = (
				F86CF5291F88B9A700EFA735 /* Singapore App Challenge.app */,
			);
			name = Products;
			sourceTree = "<group>";
		};
		F86CF52B1F88B9A700EFA735 /* Singapore App Challenge */ = {
			isa = PBXGroup;
			children = (
				F86CF5491F88BE3B00EFA735 /* Helper */,
				F86CF52C1F88B9A800EFA735 /* AppDelegate.swift */,
				F86CF5461F88BE1000EFA735 /* Controller */,
				F86CF5451F88BE0100EFA735 /* Storyboard */,
				F86CF5481F88BE1F00EFA735 /* Model */,
				F86CF52E1F88B9A800EFA735 /* art.scnassets */,
				F86CF5301F88B9A800EFA735 /* ViewController.swift */,
				F86CF5351F88B9A800EFA735 /* Assets.xcassets */,
				F86CF53A1F88B9A800EFA735 /* Info.plist */,
			);
			path = "Singapore App Challenge";
			sourceTree = "<group>";
		};
		F86CF5451F88BE0100EFA735 /* Storyboard */ = {
			isa = PBXGroup;
			children = (
				F86CF5371F88B9A800EFA735 /* LaunchScreen.storyboard */,
				F86CF54A1F88BEF800EFA735 /* measurements.storyboard */,
				F86CF5321F88B9A800EFA735 /* Main.storyboard */,
			);
			path = Storyboard;
			sourceTree = "<group>";
		};
		F86CF5461F88BE1000EFA735 /* Controller */ = {
			isa = PBXGroup;
			children = (
			);
			path = Controller;
			sourceTree = "<group>";
		};
		F86CF5481F88BE1F00EFA735 /* Model */ = {
			isa = PBXGroup;
			children = (
			);
			path = Model;
			sourceTree = "<group>";
		};
		F86CF5491F88BE3B00EFA735 /* Helper */ = {
			isa = PBXGroup;
			children = (
			);
			path = Helper;
			sourceTree = "<group>";
		};
/* End PBXGroup section */

/* Begin PBXNativeTarget section */
		F86CF5281F88B9A700EFA735 /* Singapore App Challenge */ = {
			isa = PBXNativeTarget;
			buildConfigurationList = F86CF53D1F88B9A800EFA735 /* Build configuration list for PBXNativeTarget "Singapore App Challenge" */;
			buildPhases = (
				F86CF5251F88B9A700EFA735 /* Sources */,
				F86CF5261F88B9A700EFA735 /* Frameworks */,
				F86CF5271F88B9A700EFA735 /* Resources */,
			);
			buildRules = (
			);
			dependencies = (
			);
			name = "Singapore App Challenge";
			productName = "Singapore App Challenge";
			productReference = F86CF5291F88B9A700EFA735 /* Singapore App Challenge.app */;
			productType = "com.apple.product-type.application";
		};
/* End PBXNativeTarget section */

/* Begin PBXProject section */
		F86CF5211F88B9A700EFA735 /* Project object */ = {
			isa = PBXProject;
			attributes = {
				LastSwiftUpdateCheck = 0900;
				LastUpgradeCheck = 0900;
				ORGANIZATIONNAME = "Octavianus Gandajaya";
				TargetAttributes = {
					F86CF5281F88B9A700EFA735 = {
						CreatedOnToolsVersion = 9.0;
						ProvisioningStyle = Automatic;
					};
				};
			};
			buildConfigurationList = F86CF5241F88B9A700EFA735 /* Build configuration list for PBXProject "Singapore App Challenge" */;
			compatibilityVersion = "Xcode 8.0";
			developmentRegion = en;
			hasScannedForEncodings = 0;
			knownRegions = (
				en,
				Base,
			);
			mainGroup = F86CF5201F88B9A700EFA735;
			productRefGroup = F86CF52A1F88B9A700EFA735 /* Products */;
			projectDirPath = "";
			projectRoot = "";
			targets = (
				F86CF5281F88B9A700EFA735 /* Singapore App Challenge */,
			);
		};
/* End PBXProject section */

/* Begin PBXResourcesBuildPhase section */
		F86CF5271F88B9A700EFA735 /* Resources */ = {
			isa = PBXResourcesBuildPhase;
			buildActionMask = 2147483647;
			files = (
				F86CF52F1F88B9A800EFA735 /* art.scnassets in Resources */,
				F86CF5391F88B9A800EFA735 /* LaunchScreen.storyboard in Resources */,
				F86CF54C1F88BEF800EFA735 /* measurements.storyboard in Resources */,
				F86CF5361F88B9A800EFA735 /* Assets.xcassets in Resources */,
				F86CF5341F88B9A800EFA735 /* Main.storyboard in Resources */,
			);
			runOnlyForDeploymentPostprocessing = 0;
		};
/* End PBXResourcesBuildPhase section */

/* Begin PBXSourcesBuildPhase section */
		F86CF5251F88B9A700EFA735 /* Sources */ = {
			isa = PBXSourcesBuildPhase;
			buildActionMask = 2147483647;
			files = (
				F86CF5311F88B9A800EFA735 /* ViewController.swift in Sources */,
				F86CF52D1F88B9A800EFA735 /* AppDelegate.swift in Sources */,
			);
			runOnlyForDeploymentPostprocessing = 0;
		};
/* End PBXSourcesBuildPhase section */

/* Begin PBXVariantGroup section */
		F86CF5321F88B9A800EFA735 /* Main.storyboard */ = {
			isa = PBXVariantGroup;
			children = (
				F86CF5331F88B9A800EFA735 /* Base */,
			);
			name = Main.storyboard;
			sourceTree = "<group>";
		};
		F86CF5371F88B9A800EFA735 /* LaunchScreen.storyboard */ = {
			isa = PBXVariantGroup;
			children = (
				F86CF5381F88B9A800EFA735 /* Base */,
			);
			name = LaunchScreen.storyboard;
			sourceTree = "<group>";
		};
		F86CF54A1F88BEF800EFA735 /* measurements.storyboard */ = {
			isa = PBXVariantGroup;
			children = (
				F86CF54B1F88BEF800EFA735 /* Base */,
			);
			name = measurements.storyboard;
			sourceTree = "<group>";
		};
/* End PBXVariantGroup section */

/* Begin XCBuildConfiguration section */
		F86CF53B1F88B9A800EFA735 /* Debug */ = {
			isa = XCBuildConfiguration;
			buildSettings = {
				ALWAYS_SEARCH_USER_PATHS = NO;
				CLANG_ANALYZER_NONNULL = YES;
				CLANG_ANALYZER_NUMBER_OBJECT_CONVERSION = YES_AGGRESSIVE;
				CLANG_CXX_LANGUAGE_STANDARD = "gnu++14";
				CLANG_CXX_LIBRARY = "libc++";
				CLANG_ENABLE_MODULES = YES;
				CLANG_ENABLE_OBJC_ARC = YES;
				CLANG_WARN_BLOCK_CAPTURE_AUTORELEASING = YES;
				CLANG_WARN_BOOL_CONVERSION = YES;
				CLANG_WARN_COMMA = YES;
				CLANG_WARN_CONSTANT_CONVERSION = YES;
				CLANG_WARN_DIRECT_OBJC_ISA_USAGE = YES_ERROR;
				CLANG_WARN_DOCUMENTATION_COMMENTS = YES;
				CLANG_WARN_EMPTY_BODY = YES;
				CLANG_WARN_ENUM_CONVERSION = YES;
				CLANG_WARN_INFINITE_RECURSION = YES;
				CLANG_WARN_INT_CONVERSION = YES;
				CLANG_WARN_NON_LITERAL_NULL_CONVERSION = YES;
				CLANG_WARN_OBJC_LITERAL_CONVERSION = YES;
				CLANG_WARN_OBJC_ROOT_CLASS = YES_ERROR;
				CLANG_WARN_RANGE_LOOP_ANALYSIS = YES;
				CLANG_WARN_STRICT_PROTOTYPES = YES;
				CLANG_WARN_SUSPICIOUS_MOVE = YES;
				CLANG_WARN_UNGUARDED_AVAILABILITY = YES_AGGRESSIVE;
				CLANG_WARN_UNREACHABLE_CODE = YES;
				CLANG_WARN__DUPLICATE_METHOD_MATCH = YES;
				CODE_SIGN_IDENTITY = "iPhone Developer";
				COPY_PHASE_STRIP = NO;
				DEBUG_INFORMATION_FORMAT = dwarf;
				ENABLE_STRICT_OBJC_MSGSEND = YES;
				ENABLE_TESTABILITY = YES;
				GCC_C_LANGUAGE_STANDARD = gnu11;
				GCC_DYNAMIC_NO_PIC = NO;
				GCC_NO_COMMON_BLOCKS = YES;
				GCC_OPTIMIZATION_LEVEL = 0;
				GCC_PREPROCESSOR_DEFINITIONS = (
					"DEBUG=1",
					"$(inherited)",
				);
				GCC_WARN_64_TO_32_BIT_CONVERSION = YES;
				GCC_WARN_ABOUT_RETURN_TYPE = YES_ERROR;
				GCC_WARN_UNDECLARED_SELECTOR = YES;
				GCC_WARN_UNINITIALIZED_AUTOS = YES_AGGRESSIVE;
				GCC_WARN_UNUSED_FUNCTION = YES;
				GCC_WARN_UNUSED_VARIABLE = YES;
				IPHONEOS_DEPLOYMENT_TARGET = 11.0;
				MTL_ENABLE_DEBUG_INFO = YES;
				ONLY_ACTIVE_ARCH = YES;
				SDKROOT = iphoneos;
				SWIFT_ACTIVE_COMPILATION_CONDITIONS = DEBUG;
				SWIFT_OPTIMIZATION_LEVEL = "-Onone";
			};
			name = Debug;
		};
		F86CF53C1F88B9A800EFA735 /* Release */ = {
			isa = XCBuildConfiguration;
			buildSettings = {
				ALWAYS_SEARCH_USER_PATHS = NO;
				CLANG_ANALYZER_NONNULL = YES;
				CLANG_ANALYZER_NUMBER_OBJECT_CONVERSION = YES_AGGRESSIVE;
				CLANG_CXX_LANGUAGE_STANDARD = "gnu++14";
				CLANG_CXX_LIBRARY = "libc++";
				CLANG_ENABLE_MODULES = YES;
				CLANG_ENABLE_OBJC_ARC = YES;
				CLANG_WARN_BLOCK_CAPTURE_AUTORELEASING = YES;
				CLANG_WARN_BOOL_CONVERSION = YES;
				CLANG_WARN_COMMA = YES;
				CLANG_WARN_CONSTANT_CONVERSION = YES;
				CLANG_WARN_DIRECT_OBJC_ISA_USAGE = YES_ERROR;
				CLANG_WARN_DOCUMENTATION_COMMENTS = YES;
				CLANG_WARN_EMPTY_BODY = YES;
				CLANG_WARN_ENUM_CONVERSION = YES;
				CLANG_WARN_INFINITE_RECURSION = YES;
				CLANG_WARN_INT_CONVERSION = YES;
				CLANG_WARN_NON_LITERAL_NULL_CONVERSION = YES;
				CLANG_WARN_OBJC_LITERAL_CONVERSION = YES;
				CLANG_WARN_OBJC_ROOT_CLASS = YES_ERROR;
				CLANG_WARN_RANGE_LOOP_ANALYSIS = YES;
				CLANG_WARN_STRICT_PROTOTYPES = YES;
				CLANG_WARN_SUSPICIOUS_MOVE = YES;
				CLANG_WARN_UNGUARDED_AVAILABILITY = YES_AGGRESSIVE;
				CLANG_WARN_UNREACHABLE_CODE = YES;
				CLANG_WARN__DUPLICATE_METHOD_MATCH = YES;
				CODE_SIGN_IDENTITY = "iPhone Developer";
				COPY_PHASE_STRIP = NO;
				DEBUG_INFORMATION_FORMAT = "dwarf-with-dsym";
				ENABLE_NS_ASSERTIONS = NO;
				ENABLE_STRICT_OBJC_MSGSEND = YES;
				GCC_C_LANGUAGE_STANDARD = gnu11;
				GCC_NO_COMMON_BLOCKS = YES;
				GCC_WARN_64_TO_32_BIT_CONVERSION = YES;
				GCC_WARN_ABOUT_RETURN_TYPE = YES_ERROR;
				GCC_WARN_UNDECLARED_SELECTOR = YES;
				GCC_WARN_UNINITIALIZED_AUTOS = YES_AGGRESSIVE;
				GCC_WARN_UNUSED_FUNCTION = YES;
				GCC_WARN_UNUSED_VARIABLE = YES;
				IPHONEOS_DEPLOYMENT_TARGET = 11.0;
				MTL_ENABLE_DEBUG_INFO = NO;
				SDKROOT = iphoneos;
				SWIFT_OPTIMIZATION_LEVEL = "-Owholemodule";
				VALIDATE_PRODUCT = YES;
			};
			name = Release;
		};
		F86CF53E1F88B9A800EFA735 /* Debug */ = {
			isa = XCBuildConfiguration;
			buildSettings = {
				ASSETCATALOG_COMPILER_APPICON_NAME = AppIcon;
				CODE_SIGN_STYLE = Automatic;
				DEVELOPMENT_TEAM = ZK45DE64XX;
				INFOPLIST_FILE = "Singapore App Challenge/Info.plist";
				LD_RUNPATH_SEARCH_PATHS = "$(inherited) @executable_path/Frameworks";
				PRODUCT_BUNDLE_IDENTIFIER = "gandajaya.Singapore-App-Challenge";
				PRODUCT_NAME = "$(TARGET_NAME)";
				SWIFT_VERSION = 4.0;
				TARGETED_DEVICE_FAMILY = "1,2";
			};
			name = Debug;
		};
		F86CF53F1F88B9A800EFA735 /* Release */ = {
			isa = XCBuildConfiguration;
			buildSettings = {
				ASSETCATALOG_COMPILER_APPICON_NAME = AppIcon;
				CODE_SIGN_STYLE = Automatic;
				DEVELOPMENT_TEAM = ZK45DE64XX;
				INFOPLIST_FILE = "Singapore App Challenge/Info.plist";
				LD_RUNPATH_SEARCH_PATHS = "$(inherited) @executable_path/Frameworks";
				PRODUCT_BUNDLE_IDENTIFIER = "gandajaya.Singapore-App-Challenge";
				PRODUCT_NAME = "$(TARGET_NAME)";
				SWIFT_VERSION = 4.0;
				TARGETED_DEVICE_FAMILY = "1,2";
			};
			name = Release;
		};
/* End XCBuildConfiguration section */

/* Begin XCConfigurationList section */
		F86CF5241F88B9A700EFA735 /* Build configuration list for PBXProject "Singapore App Challenge" */ = {
			isa = XCConfigurationList;
			buildConfigurations = (
				F86CF53B1F88B9A800EFA735 /* Debug */,
				F86CF53C1F88B9A800EFA735 /* Release */,
			);
			defaultConfigurationIsVisible = 0;
			defaultConfigurationName = Release;
		};
		F86CF53D1F88B9A800EFA735 /* Build configuration list for PBXNativeTarget "Singapore App Challenge" */ = {
			isa = XCConfigurationList;
			buildConfigurations = (
				F86CF53E1F88B9A800EFA735 /* Debug */,
				F86CF53F1F88B9A800EFA735 /* Release */,
			);
			defaultConfigurationIsVisible = 0;
			defaultConfigurationName = Release;
		};
/* End XCConfigurationList section */
	};
	rootObject = F86CF5211F88B9A700EFA735 /* Project object */;
}
